
Microsoft Visual Studio Solution File, Format Version 12.00
# Visual Studio Version 16
VisualStudioVersion = 16.0.30320.27
MinimumVisualStudioVersion = 10.0.40219.1
Project("{FAE04EC0-301F-11D3-BF4B-00C04F79EFBC}") = "Classignment4", "Classignment4\Classignment4.csproj", "{666F19C7-7412-4707-9416-BB6977A54731}"
EndProject
Global
	GlobalSection(SolutionConfigurationPlatforms) = preSolution
		Debug|Any CPU = Debug|Any CPU
		Release|Any CPU = Release|Any CPU
	EndGlobalSection
	GlobalSection(ProjectConfigurationPlatforms) = postSolution
		{666F19C7-7412-4707-9416-BB6977A54731}.Debug|Any CPU.ActiveCfg = Debug|Any CPU
		{666F19C7-7412-4707-9416-BB6977A54731}.Debug|Any CPU.Build.0 = Debug|Any CPU
		{666F19C7-7412-4707-9416-BB6977A54731}.Release|Any CPU.ActiveCfg = Release|Any CPU
		{666F19C7-7412-4707-9416-BB6977A54731}.Release|Any CPU.Build.0 = Release|Any CPU
	EndGlobalSection
	GlobalSection(SolutionProperties) = preSolution
		HideSolutionNode = FALSE
	EndGlobalSection
	GlobalSection(ExtensibilityGlobals) = postSolution
		SolutionGuid = {377BCA92-93B9-4B87-89E5-23390DF9EBA8}
	EndGlobalSection
EndGlobal
